
Microsoft Visual Studio Solution File, Format Version 12.00
# Visual Studio Version 17
VisualStudioVersion = 17.13.35828.75 d17.13
MinimumVisualStudioVersion = 10.0.40219.1
Project("{FAE04EC0-301F-11D3-BF4B-00C04F79EFBC}") = "GoUp", "GoUp\GoUp.csproj", "{869B7400-B7EB-47D6-8B46-57972004C7AD}"
EndProject
Global
	GlobalSection(SolutionConfigurationPlatforms) = preSolution
		Debug|Any CPU = Debug|Any CPU
		Release|Any CPU = Release|Any CPU
	EndGlobalSection
	GlobalSection(ProjectConfigurationPlatforms) = postSolution
		{869B7400-B7EB-47D6-8B46-57972004C7AD}.Debug|Any CPU.ActiveCfg = Debug|Any CPU
		{869B7400-B7EB-47D6-8B46-57972004C7AD}.Debug|Any CPU.Build.0 = Debug|Any CPU
		{869B7400-B7EB-47D6-8B46-57972004C7AD}.Release|Any CPU.ActiveCfg = Release|Any CPU
		{869B7400-B7EB-47D6-8B46-57972004C7AD}.Release|Any CPU.Build.0 = Release|Any CPU
	EndGlobalSection
	GlobalSection(SolutionProperties) = preSolution
		HideSolutionNode = FALSE
	EndGlobalSection
	GlobalSection(ExtensibilityGlobals) = postSolution
		SolutionGuid = {863E59A0-9389-4246-992A-E009152FE171}
	EndGlobalSection
EndGlobal
